// !$*UTF8*$!
{
	archiveVersion = 1;
	classes = {
	};
	objectVersion = 48;
	objects = {

/* Begin PBXBuildFile section */
		661422F91F8CD20D00FEFD39 /* Plane.swift in Sources */ = {isa = PBXBuildFile; fileRef = 661422F81F8CD20D00FEFD39 /* Plane.swift */; };
		664668E81F90F9F400780D79 /* Models.scnassets in Resources */ = {isa = PBXBuildFile; fileRef = 664668E71F90F9F400780D79 /* Models.scnassets */; };
		668190D41F87D7F800D00873 /* AppDelegate.swift in Sources */ = {isa = PBXBuildFile; fileRef = 668190D31F87D7F800D00873 /* AppDelegate.swift */; };
		668190D81F87D7F800D00873 /* ViewController.swift in Sources */ = {isa = PBXBuildFile; fileRef = 668190D71F87D7F800D00873 /* ViewController.swift */; };
		668190DB1F87D7F800D00873 /* Main.storyboard in Resources */ = {isa = PBXBuildFile; fileRef = 668190D91F87D7F800D00873 /* Main.storyboard */; };
		668190DD1F87D7F800D00873 /* Assets.xcassets in Resources */ = {isa = PBXBuildFile; fileRef = 668190DC1F87D7F800D00873 /* Assets.xcassets */; };
		668190E01F87D7F800D00873 /* LaunchScreen.storyboard in Resources */ = {isa = PBXBuildFile; fileRef = 668190DE1F87D7F800D00873 /* LaunchScreen.storyboard */; };
/* End PBXBuildFile section */

/* Begin PBXFileReference section */
		661422F81F8CD20D00FEFD39 /* Plane.swift */ = {isa = PBXFileReference; lastKnownFileType = sourcecode.swift; path = Plane.swift; sourceTree = "<group>"; };
		664668E71F90F9F400780D79 /* Models.scnassets */ = {isa = PBXFileReference; lastKnownFileType = wrapper.scnassets; path = Models.scnassets; sourceTree = "<group>"; };
		668190D01F87D7F800D00873 /* demoarkit.app */ = {isa = PBXFileReference; explicitFileType = wrapper.application; includeInIndex = 0; path = demoarkit.app; sourceTree = BUILT_PRODUCTS_DIR; };
		668190D31F87D7F800D00873 /* AppDelegate.swift */ = {isa = PBXFileReference; lastKnownFileType = sourcecode.swift; path = AppDelegate.swift; sourceTree = "<group>"; };
		668190D71F87D7F800D00873 /* ViewController.swift */ = {isa = PBXFileReference; lastKnownFileType = sourcecode.swift; path = ViewController.swift; sourceTree = "<group>"; };
		668190DA1F87D7F800D00873 /* Base */ = {isa = PBXFileReference; lastKnownFileType = file.storyboard; name = Base; path = Base.lproj/Main.storyboard; sourceTree = "<group>"; };
		668190DC1F87D7F800D00873 /* Assets.xcassets */ = {isa = PBXFileReference; lastKnownFileType = folder.assetcatalog; path = Assets.xcassets; sourceTree = "<group>"; };
		668190DF1F87D7F800D00873 /* Base */ = {isa = PBXFileReference; lastKnownFileType = file.storyboard; name = Base; path = Base.lproj/LaunchScreen.storyboard; sourceTree = "<group>"; };
		668190E11F87D7F800D00873 /* Info.plist */ = {isa = PBXFileReference; lastKnownFileType = text.plist.xml; path = Info.plist; sourceTree = "<group>"; };
/* End PBXFileReference section */

/* Begin PBXFrameworksBuildPhase section */
		668190CD1F87D7F700D00873 /* Frameworks */ = {
			isa = PBXFrameworksBuildPhase;
			buildActionMask = 2147483647;
			files = (
			);
			runOnlyForDeploymentPostprocessing = 0;
		};
/* End PBXFrameworksBuildPhase section */

/* Begin PBXGroup section */
		668190C71F87D7F700D00873 = {
			isa = PBXGroup;
			children = (
				668190D21F87D7F800D00873 /* demoarkit */,
				668190D11F87D7F800D00873 /* Products */,
			);
			sourceTree = "<group>";
		};
		668190D11F87D7F800D00873 /* Products */ = {
			isa = PBXGroup;
			children = (
				668190D01F87D7F800D00873 /* demoarkit.app */,
			);
			name = Products;
			sourceTree = "<group>";
		};
		668190D21F87D7F800D00873 /* demoarkit */ = {
			isa = PBXGroup;
			children = (
				664668E71F90F9F400780D79 /* Models.scnassets */,
				668190D31F87D7F800D00873 /* AppDelegate.swift */,
				668190D71F87D7F800D00873 /* ViewController.swift */,
				661422F81F8CD20D00FEFD39 /* Plane.swift */,
				668190D91F87D7F800D00873 /* Main.storyboard */,
				668190DC1F87D7F800D00873 /* Assets.xcassets */,
				668190DE1F87D7F800D00873 /* LaunchScreen.storyboard */,
				668190E11F87D7F800D00873 /* Info.plist */,
			);
			path = demoarkit;
			sourceTree = "<group>";
		};
/* End PBXGroup section */

/* Begin PBXNativeTarget section */
		668190CF1F87D7F700D00873 /* demoarkit */ = {
			isa = PBXNativeTarget;
			buildConfigurationList = 668190E41F87D7F800D00873 /* Build configuration list for PBXNativeTarget "demoarkit" */;
			buildPhases = (
				668190CC1F87D7F700D00873 /* Sources */,
				668190CD1F87D7F700D00873 /* Frameworks */,
				668190CE1F87D7F700D00873 /* Resources */,
			);
			buildRules = (
			);
			dependencies = (
			);
			name = demoarkit;
			productName = demoarkit;
			productReference = 668190D01F87D7F800D00873 /* demoarkit.app */;
			productType = "com.apple.product-type.application";
		};
/* End PBXNativeTarget section */

/* Begin PBXProject section */
		668190C81F87D7F700D00873 /* Project object */ = {
			isa = PBXProject;
			attributes = {
				LastSwiftUpdateCheck = 0900;
				LastUpgradeCheck = 0900;
				ORGANIZATIONNAME = TWE;
				TargetAttributes = {
					668190CF1F87D7F700D00873 = {
						CreatedOnToolsVersion = 9.0;
						ProvisioningStyle = Manual;
					};
				};
			};
			buildConfigurationList = 668190CB1F87D7F700D00873 /* Build configuration list for PBXProject "demoarkit" */;
			compatibilityVersion = "Xcode 8.0";
			developmentRegion = en;
			hasScannedForEncodings = 0;
			knownRegions = (
				en,
				Base,
			);
			mainGroup = 668190C71F87D7F700D00873;
			productRefGroup = 668190D11F87D7F800D00873 /* Products */;
			projectDirPath = "";
			projectRoot = "";
			targets = (
				668190CF1F87D7F700D00873 /* demoarkit */,
			);
		};
/* End PBXProject section */

/* Begin PBXResourcesBuildPhase section */
		668190CE1F87D7F700D00873 /* Resources */ = {
			isa = PBXResourcesBuildPhase;
			buildActionMask = 2147483647;
			files = (
				668190E01F87D7F800D00873 /* LaunchScreen.storyboard in Resources */,
				668190DD1F87D7F800D00873 /* Assets.xcassets in Resources */,
				664668E81F90F9F400780D79 /* Models.scnassets in Resources */,
				668190DB1F87D7F800D00873 /* Main.storyboard in Resources */,
			);
			runOnlyForDeploymentPostprocessing = 0;
		};
/* End PBXResourcesBuildPhase section */

/* Begin PBXSourcesBuildPhase section */
		668190CC1F87D7F700D00873 /* Sources */ = {
			isa = PBXSourcesBuildPhase;
			buildActionMask = 2147483647;
			files = (
				668190D81F87D7F800D00873 /* ViewController.swift in Sources */,
				661422F91F8CD20D00FEFD39 /* Plane.swift in Sources */,
				668190D41F87D7F800D00873 /* AppDelegate.swift in Sources */,
			);
			runOnlyForDeploymentPostprocessing = 0;
		};
/* End PBXSourcesBuildPhase section */

/* Begin PBXVariantGroup section */
		668190D91F87D7F800D00873 /* Main.storyboard */ = {
			isa = PBXVariantGroup;
			children = (
				668190DA1F87D7F800D00873 /* Base */,
			);
			name = Main.storyboard;
			sourceTree = "<group>";
		};
		668190DE1F87D7F800D00873 /* LaunchScreen.storyboard */ = {
			isa = PBXVariantGroup;
			children = (
				668190DF1F87D7F800D00873 /* Base */,
			);
			name = LaunchScreen.storyboard;
			sourceTree = "<group>";
		};
/* End PBXVariantGroup section */

/* Begin XCBuildConfiguration section */
		668190E21F87D7F800D00873 /* Debug */ = {
			isa = XCBuildConfiguration;
			buildSettings = {
				ALWAYS_SEARCH_USER_PATHS = NO;
				CLANG_ANALYZER_NONNULL = YES;
				CLANG_ANALYZER_NUMBER_OBJECT_CONVERSION = YES_AGGRESSIVE;
				CLANG_CXX_LANGUAGE_STANDARD = "gnu++14";
				CLANG_CXX_LIBRARY = "libc++";
				CLANG_ENABLE_MODULES = YES;
				CLANG_ENABLE_OBJC_ARC = YES;
				CLANG_WARN_BLOCK_CAPTURE_AUTORELEASING = YES;
				CLANG_WARN_BOOL_CONVERSION = YES;
				CLANG_WARN_COMMA = YES;
				CLANG_WARN_CONSTANT_CONVERSION = YES;
				CLANG_WARN_DIRECT_OBJC_ISA_USAGE = YES_ERROR;
				CLANG_WARN_DOCUMENTATION_COMMENTS = YES;
				CLANG_WARN_EMPTY_BODY = YES;
				CLANG_WARN_ENUM_CONVERSION = YES;
				CLANG_WARN_INFINITE_RECURSION = YES;
				CLANG_WARN_INT_CONVERSION = YES;
				CLANG_WARN_NON_LITERAL_NULL_CONVERSION = YES;
				CLANG_WARN_OBJC_LITERAL_CONVERSION = YES;
				CLANG_WARN_OBJC_ROOT_CLASS = YES_ERROR;
				CLANG_WARN_RANGE_LOOP_ANALYSIS = YES;
				CLANG_WARN_STRICT_PROTOTYPES = YES;
				CLANG_WARN_SUSPICIOUS_MOVE = YES;
				CLANG_WARN_UNGUARDED_AVAILABILITY = YES_AGGRESSIVE;
				CLANG_WARN_UNREACHABLE_CODE = YES;
				CLANG_WARN__DUPLICATE_METHOD_MATCH = YES;
				CODE_SIGN_IDENTITY = "iPhone Developer";
				COPY_PHASE_STRIP = NO;
				DEBUG_INFORMATION_FORMAT = dwarf;
				ENABLE_STRICT_OBJC_MSGSEND = YES;
				ENABLE_TESTABILITY = YES;
				GCC_C_LANGUAGE_STANDARD = gnu11;
				GCC_DYNAMIC_NO_PIC = NO;
				GCC_NO_COMMON_BLOCKS = YES;
				GCC_OPTIMIZATION_LEVEL = 0;
				GCC_PREPROCESSOR_DEFINITIONS = (
					"DEBUG=1",
					"$(inherited)",
				);
				GCC_WARN_64_TO_32_BIT_CONVERSION = YES;
				GCC_WARN_ABOUT_RETURN_TYPE = YES_ERROR;
				GCC_WARN_UNDECLARED_SELECTOR = YES;
				GCC_WARN_UNINITIALIZED_AUTOS = YES_AGGRESSIVE;
				GCC_WARN_UNUSED_FUNCTION = YES;
				GCC_WARN_UNUSED_VARIABLE = YES;
				IPHONEOS_DEPLOYMENT_TARGET = 11.0;
				MTL_ENABLE_DEBUG_INFO = YES;
				ONLY_ACTIVE_ARCH = YES;
				SDKROOT = iphoneos;
				SWIFT_ACTIVE_COMPILATION_CONDITIONS = DEBUG;
				SWIFT_OPTIMIZATION_LEVEL = "-Onone";
			};
			name = Debug;
		};
		668190E31F87D7F800D00873 /* Release */ = {
			isa = XCBuildConfiguration;
			buildSettings = {
				ALWAYS_SEARCH_USER_PATHS = NO;
				CLANG_ANALYZER_NONNULL = YES;
				CLANG_ANALYZER_NUMBER_OBJECT_CONVERSION = YES_AGGRESSIVE;
				CLANG_CXX_LANGUAGE_STANDARD = "gnu++14";
				CLANG_CXX_LIBRARY = "libc++";
				CLANG_ENABLE_MODULES = YES;
				CLANG_ENABLE_OBJC_ARC = YES;
				CLANG_WARN_BLOCK_CAPTURE_AUTORELEASING = YES;
				CLANG_WARN_BOOL_CONVERSION = YES;
				CLANG_WARN_COMMA = YES;
				CLANG_WARN_CONSTANT_CONVERSION = YES;
				CLANG_WARN_DIRECT_OBJC_ISA_USAGE = YES_ERROR;
				CLANG_WARN_DOCUMENTATION_COMMENTS = YES;
				CLANG_WARN_EMPTY_BODY = YES;
				CLANG_WARN_ENUM_CONVERSION = YES;
				CLANG_WARN_INFINITE_RECURSION = YES;
				CLANG_WARN_INT_CONVERSION = YES;
				CLANG_WARN_NON_LITERAL_NULL_CONVERSION = YES;
				CLANG_WARN_OBJC_LITERAL_CONVERSION = YES;
				CLANG_WARN_OBJC_ROOT_CLASS = YES_ERROR;
				CLANG_WARN_RANGE_LOOP_ANALYSIS = YES;
				CLANG_WARN_STRICT_PROTOTYPES = YES;
				CLANG_WARN_SUSPICIOUS_MOVE = YES;
				CLANG_WARN_UNGUARDED_AVAILABILITY = YES_AGGRESSIVE;
				CLANG_WARN_UNREACHABLE_CODE = YES;
				CLANG_WARN__DUPLICATE_METHOD_MATCH = YES;
				CODE_SIGN_IDENTITY = "iPhone Developer";
				COPY_PHASE_STRIP = NO;
				DEBUG_INFORMATION_FORMAT = "dwarf-with-dsym";
				ENABLE_NS_ASSERTIONS = NO;
				ENABLE_STRICT_OBJC_MSGSEND = YES;
				GCC_C_LANGUAGE_STANDARD = gnu11;
				GCC_NO_COMMON_BLOCKS = YES;
				GCC_WARN_64_TO_32_BIT_CONVERSION = YES;
				GCC_WARN_ABOUT_RETURN_TYPE = YES_ERROR;
				GCC_WARN_UNDECLARED_SELECTOR = YES;
				GCC_WARN_UNINITIALIZED_AUTOS = YES_AGGRESSIVE;
				GCC_WARN_UNUSED_FUNCTION = YES;
				GCC_WARN_UNUSED_VARIABLE = YES;
				IPHONEOS_DEPLOYMENT_TARGET = 11.0;
				MTL_ENABLE_DEBUG_INFO = NO;
				SDKROOT = iphoneos;
				SWIFT_OPTIMIZATION_LEVEL = "-Owholemodule";
				VALIDATE_PRODUCT = YES;
			};
			name = Release;
		};
		668190E51F87D7F800D00873 /* Debug */ = {
			isa = XCBuildConfiguration;
			buildSettings = {
				ASSETCATALOG_COMPILER_APPICON_NAME = AppIcon;
				CODE_SIGN_STYLE = Manual;
				DEVELOPMENT_TEAM = WJ3PBH4EEK;
				INFOPLIST_FILE = demoarkit/Info.plist;
				LD_RUNPATH_SEARCH_PATHS = "$(inherited) @executable_path/Frameworks";
				PRODUCT_BUNDLE_IDENTIFIER = com.twe.demoartkit.demoarkit;
				PRODUCT_NAME = "$(TARGET_NAME)";
				PROVISIONING_PROFILE = "466a664e-d0cd-474e-bb7a-4d2699d9aa78";
				PROVISIONING_PROFILE_SPECIFIER = "Test ARKit";
				SWIFT_VERSION = 4.0;
				TARGETED_DEVICE_FAMILY = "1,2";
			};
			name = Debug;
		};
		668190E61F87D7F800D00873 /* Release */ = {
			isa = XCBuildConfiguration;
			buildSettings = {
				ASSETCATALOG_COMPILER_APPICON_NAME = AppIcon;
				CODE_SIGN_STYLE = Manual;
				DEVELOPMENT_TEAM = "";
				INFOPLIST_FILE = demoarkit/Info.plist;
				LD_RUNPATH_SEARCH_PATHS = "$(inherited) @executable_path/Frameworks";
				PRODUCT_BUNDLE_IDENTIFIER = com.twe.demoartkit.demoarkit;
				PRODUCT_NAME = "$(TARGET_NAME)";
				PROVISIONING_PROFILE_SPECIFIER = "";
				SWIFT_VERSION = 4.0;
				TARGETED_DEVICE_FAMILY = "1,2";
			};
			name = Release;
		};
/* End XCBuildConfiguration section */

/* Begin XCConfigurationList section */
		668190CB1F87D7F700D00873 /* Build configuration list for PBXProject "demoarkit" */ = {
			isa = XCConfigurationList;
			buildConfigurations = (
				668190E21F87D7F800D00873 /* Debug */,
				668190E31F87D7F800D00873 /* Release */,
			);
			defaultConfigurationIsVisible = 0;
			defaultConfigurationName = Release;
		};
		668190E41F87D7F800D00873 /* Build configuration list for PBXNativeTarget "demoarkit" */ = {
			isa = XCConfigurationList;
			buildConfigurations = (
				668190E51F87D7F800D00873 /* Debug */,
				668190E61F87D7F800D00873 /* Release */,
			);
			defaultConfigurationIsVisible = 0;
			defaultConfigurationName = Release;
		};
/* End XCConfigurationList section */
	};
	rootObject = 668190C81F87D7F700D00873 /* Project object */;
}
